
Microsoft Visual Studio Solution File, Format Version 12.00
# Visual Studio Version 16
VisualStudioVersion = 16.0.28606.126
MinimumVisualStudioVersion = 10.0.40219.1
Project("{FAE04EC0-301F-11D3-BF4B-00C04F79EFBC}") = "ConsoleApp1", "ConsoleApp1\ConsoleApp1.csproj", "{64E61378-A592-4C0B-A40A-11B4B46F6DED}"
EndProject
Global
	GlobalSection(SolutionConfigurationPlatforms) = preSolution
		Debug|Any CPU = Debug|Any CPU
		Release|Any CPU = Release|Any CPU
	EndGlobalSection
	GlobalSection(ProjectConfigurationPlatforms) = postSolution
		{64E61378-A592-4C0B-A40A-11B4B46F6DED}.Debug|Any CPU.ActiveCfg = Debug|Any CPU
		{64E61378-A592-4C0B-A40A-11B4B46F6DED}.Debug|Any CPU.Build.0 = Debug|Any CPU
		{64E61378-A592-4C0B-A40A-11B4B46F6DED}.Release|Any CPU.ActiveCfg = Release|Any CPU
		{64E61378-A592-4C0B-A40A-11B4B46F6DED}.Release|Any CPU.Build.0 = Release|Any CPU
	EndGlobalSection
	GlobalSection(SolutionProperties) = preSolution
		HideSolutionNode = FALSE
	EndGlobalSection
	GlobalSection(ExtensibilityGlobals) = postSolution
		SolutionGuid = {75F351F4-83F7-4305-B05D-80571EE28208}
	EndGlobalSection
EndGlobal
